
Microsoft Visual Studio Solution File, Format Version 12.00
# Visual Studio Version 16
VisualStudioVersion = 16.0.33027.164
MinimumVisualStudioVersion = 10.0.40219.1
Project("{FAE04EC0-301F-11D3-BF4B-00C04F79EFBC}") = "Candidate.Test.Console", "Candidate.Test.Console\Candidate.Test.Console.csproj", "{36968010-F510-49AF-831D-C2E3DB9988F9}"
EndProject
Project("{FAE04EC0-301F-11D3-BF4B-00C04F79EFBC}") = "Candidate.Test.Data", "Candidate.Test.Data\Candidate.Test.Data.csproj", "{87933048-265D-4E1D-95A1-DF30069464D6}"
EndProject
Project("{FAE04EC0-301F-11D3-BF4B-00C04F79EFBC}") = "Candidate.Test.Data.Testing", "Candidate.Test.Data.Testing\Candidate.Test.Data.Testing.csproj", "{6144D5D5-FA54-488F-BE10-43E410AFB6A8}"
EndProject
Global
	GlobalSection(SolutionConfigurationPlatforms) = preSolution
		Debug|Any CPU = Debug|Any CPU
		Release|Any CPU = Release|Any CPU
	EndGlobalSection
	GlobalSection(ProjectConfigurationPlatforms) = postSolution
		{36968010-F510-49AF-831D-C2E3DB9988F9}.Debug|Any CPU.ActiveCfg = Debug|Any CPU
		{36968010-F510-49AF-831D-C2E3DB9988F9}.Debug|Any CPU.Build.0 = Debug|Any CPU
		{36968010-F510-49AF-831D-C2E3DB9988F9}.Release|Any CPU.ActiveCfg = Release|Any CPU
		{36968010-F510-49AF-831D-C2E3DB9988F9}.Release|Any CPU.Build.0 = Release|Any CPU
		{87933048-265D-4E1D-95A1-DF30069464D6}.Debug|Any CPU.ActiveCfg = Debug|Any CPU
		{87933048-265D-4E1D-95A1-DF30069464D6}.Debug|Any CPU.Build.0 = Debug|Any CPU
		{87933048-265D-4E1D-95A1-DF30069464D6}.Release|Any CPU.ActiveCfg = Release|Any CPU
		{87933048-265D-4E1D-95A1-DF30069464D6}.Release|Any CPU.Build.0 = Release|Any CPU
		{6144D5D5-FA54-488F-BE10-43E410AFB6A8}.Debug|Any CPU.ActiveCfg = Debug|Any CPU
		{6144D5D5-FA54-488F-BE10-43E410AFB6A8}.Debug|Any CPU.Build.0 = Debug|Any CPU
		{6144D5D5-FA54-488F-BE10-43E410AFB6A8}.Release|Any CPU.ActiveCfg = Release|Any CPU
		{6144D5D5-FA54-488F-BE10-43E410AFB6A8}.Release|Any CPU.Build.0 = Release|Any CPU
	EndGlobalSection
	GlobalSection(SolutionProperties) = preSolution
		HideSolutionNode = FALSE
	EndGlobalSection
	GlobalSection(ExtensibilityGlobals) = postSolution
		SolutionGuid = {95D7071D-9913-49A6-8AF3-513B9577DE6A}
	EndGlobalSection
	
EndGlobal
